{
  "version": 4,
  "terraform_version": "1.4.3",
  "serial": 1,
  "lineage": "c9355243-c062-6e54-8bb8-d7d059063867",
  "outputs": {},
  "resources": [
    {
      "mode": "managed",
      "type": "vercel_project",
      "name": "example",
      "provider": "provider[\"registry.terraform.io/vercel/vercel\"]",
      "instances": [
        {
          "schema_version": 0,
          "attributes": {
            "build_command": null,
            "dev_command": null,
            "environment": null,
            "framework": "vite",
            "git_repository": {
              "production_branch": "main",
              "repo": "marques576/web-dji-controll",
              "type": "github"
            },
            "id": "prj_KEiQXXj2uHXGYyw2rUJs5SgfMw65",
            "ignore_command": null,
            "install_command": null,
            "name": "terraform-test-project",
            "output_directory": null,
            "public_source": null,
            "root_directory": null,
            "serverless_function_region": "iad1",
            "team_id": null
          },
          "sensitive_attributes": []
        }
      ]
    }
  ],
  "check_results": null
}
