{
  "version": 4,
  "terraform_version": "1.4.5",
  "serial": 438,
  "lineage": "c0fb74b1-d2a2-557d-53ec-7b2fe4c68a38",
  "outputs": {
    "cloudwebURL": {
      "value": "ccweb.marques576.eu.org",
      "type": "string"
    },
    "sockerserver_live_url": {
      "value": "https://ccserver.marques576.eu.org",
      "type": "string"
    },
    "url_without_protocol": {
      "value": "cc-individualproj-vu66t.ondigitalocean.app.",
      "type": "string"
    }
  },
  "resources": [
    {
      "mode": "data",
      "type": "vercel_project_directory",
      "name": "example",
      "provider": "provider[\"registry.terraform.io/vercel/vercel\"]",
      "instances": [
        {
          "schema_version": 0,
          "attributes": {
            "files": {
              "webdjicontrollws/.env": "107~38d22380b00f0f97a8f50a05ab4e0044e49cd6cd",
              "webdjicontrollws/.env.example": "81~f22bb11713bb007050178b22bef19a53c807b7dd",
              "webdjicontrollws/.vscode/debug.json": "291~e948a26e018f489f358642b7bb2efe78556f39b0",
              "webdjicontrollws/.vscode/launch.json": "493~3b8dba906b5c08c1b8da79ae73a1e3cb39df6036",
              "webdjicontrollws/Dockerfile": "55~b0c80c06d28c5ed651d9b5966d24cf58e6a2cd1a",
              "webdjicontrollws/README.md": "53~7179ca6c375b01b7390e9c99cfc0f34cc925e1b5",
              "webdjicontrollws/dist/assets/index-06a695b3.css": "5499~6c5345d42791428ac671dd23ae16c6cab3ab0a2b",
              "webdjicontrollws/dist/assets/index-1e697823.js": "459852~78f3560435fb06b1399e2e3ad125113d2aa876da",
              "webdjicontrollws/dist/drone.png": "32053~102e2b15fa35da6cbb99b99e28e616de6ecee3de",
              "webdjicontrollws/dist/droneMap.png": "29955~53ff265b8e8c3251bd1a9a8061b4af5289c08a6e",
              "webdjicontrollws/dist/index.html": "456~e8d15a3efc099206482ea6fba458730014c5e443",
              "webdjicontrollws/dist/vite.svg": "1497~f7f39d7237b791a945d52a5cd7a8fb365f313366",
              "webdjicontrollws/index.html": "365~9674688ec1bc146d04af92077cf5bc3f0132177b",
              "webdjicontrollws/package-lock.json": "296221~51569f478c3846f9da7c856b5ab87668a470bd6c",
              "webdjicontrollws/package.json": "963~57dc9a6dcfba9083a889b3d1aaf0d1d3c71cf1d5",
              "webdjicontrollws/postcss.config.cjs": "82~8860a68bc6ae8745e3db0b6d090129720e5ecc80",
              "webdjicontrollws/public/drone.png": "32053~102e2b15fa35da6cbb99b99e28e616de6ecee3de",
              "webdjicontrollws/public/droneMap.png": "29955~53ff265b8e8c3251bd1a9a8061b4af5289c08a6e",
              "webdjicontrollws/public/vite.svg": "1497~f7f39d7237b791a945d52a5cd7a8fb365f313366",
              "webdjicontrollws/src/App.tsx": "9622~70185d949757f70a25de39a6f80e97b288c1d5bc",
              "webdjicontrollws/src/Map.tsx": "3328~329922cf70a2ac7631fd623bb51225121a521c2b",
              "webdjicontrollws/src/Messages.tsx": "516~e6e0ee4310460921308fc7b866e7f89ebe362857",
              "webdjicontrollws/src/assets/react.svg": "4126~f505ddc8ebe56bdc51efb721ef04923a8d3068dd",
              "webdjicontrollws/src/index.css": "58~2d05991c511e99edc084ff6589d7bec426ba620e",
              "webdjicontrollws/src/main.tsx": "341~ee505699745d2a77ee35174eea5cd23ba57dbfba",
              "webdjicontrollws/src/vite-env.d.ts": "38~e2eac6bcc8767d416f859eb09486cc8709de95a5",
              "webdjicontrollws/tailwind.config.cjs": "184~52d950cd265feec4d5e8f013d579b7f1d599198a",
              "webdjicontrollws/tsconfig.json": "559~0f279d0b25fc5f0026b36aed056e06b848f71c76",
              "webdjicontrollws/tsconfig.node.json": "184~da86b3c36159fdfed9d66fa8a42465b399b34bab",
              "webdjicontrollws/vite.config.ts": "163~7f8650984e84cec1cec54028bc3c47ea76987832"
            },
            "id": "webdjicontrollws/",
            "path": "webdjicontrollws/"
          },
          "sensitive_attributes": []
        }
      ]
    },
    {
      "mode": "managed",
      "type": "cloudflare_record",
      "name": "example",
      "provider": "provider[\"registry.terraform.io/cloudflare/cloudflare\"]",
      "instances": [
        {
          "schema_version": 2,
          "attributes": {
            "allow_overwrite": false,
            "comment": "",
            "created_on": "2023-04-24T14:35:53.274103Z",
            "data": [],
            "hostname": "ccserver.marques576.eu.org",
            "id": "7ab7d65413a974c3a2535b4a6c173a5f",
            "metadata": {
              "auto_added": "false",
              "managed_by_apps": "false",
              "managed_by_argo_tunnel": "false",
              "source": "primary"
            },
            "modified_on": "2023-04-24T14:35:53.274103Z",
            "name": "ccserver",
            "priority": null,
            "proxiable": true,
            "proxied": false,
            "tags": [],
            "timeouts": null,
            "ttl": 3600,
            "type": "CNAME",
            "value": "cc-individualproj-vu66t.ondigitalocean.app",
            "zone_id": "50657706a4f9844b2052af3293dbd0f7"
          },
          "sensitive_attributes": [],
          "private": "eyJlMmJmYjczMC1lY2FhLTExZTYtOGY4OC0zNDM2M2JjN2M0YzAiOnsiY3JlYXRlIjozMDAwMDAwMDAwMCwidXBkYXRlIjozMDAwMDAwMDAwMH0sInNjaGVtYV92ZXJzaW9uIjoiMiJ9",
          "dependencies": [
            "digitalocean_app.default",
            "digitalocean_database_cluster.mysql-example"
          ]
        }
      ]
    },
    {
      "mode": "managed",
      "type": "digitalocean_app",
      "name": "default",
      "provider": "provider[\"registry.terraform.io/digitalocean/digitalocean\"]",
      "instances": [
        {
          "schema_version": 0,
          "attributes": {
            "active_deployment_id": "ae159c3c-795b-43e0-a172-02a9e09a40ec",
            "created_at": "2023-04-24 14:33:20 +0000 UTC",
            "default_ingress": "https://cc-individualproj-vu66t.ondigitalocean.app",
            "id": "909e648b-3e47-4d2c-9ac4-79eb8712117b",
            "live_url": "https://ccserver.marques576.eu.org",
            "spec": [
              {
                "alert": [],
                "database": [],
                "domain": [
                  {
                    "name": "ccserver.marques576.eu.org",
                    "type": "PRIMARY",
                    "wildcard": false,
                    "zone": ""
                  }
                ],
                "domains": [
                  "ccserver.marques576.eu.org"
                ],
                "env": [],
                "function": [],
                "job": [],
                "name": "cc-individualproj",
                "region": "ams",
                "service": [
                  {
                    "alert": [],
                    "build_command": "",
                    "cors": [],
                    "dockerfile_path": "sockerserver/Dockerfile",
                    "env": [
                      {
                        "key": "DATABASE_NAME",
                        "scope": "RUN_AND_BUILD_TIME",
                        "type": "",
                        "value": "defaultdb"
                      },
                      {
                        "key": "DATABASE_PASSWORD",
                        "scope": "RUN_AND_BUILD_TIME",
                        "type": "",
                        "value": "AVNS_MAeTyGPTPaItcz6J_yM"
                      },
                      {
                        "key": "DATABASE_PORT",
                        "scope": "RUN_AND_BUILD_TIME",
                        "type": "",
                        "value": "25060"
                      },
                      {
                        "key": "DATABASE_URL",
                        "scope": "RUN_AND_BUILD_TIME",
                        "type": "",
                        "value": "example-mysql-cluster-do-user-3889222-0.b.db.ondigitalocean.com"
                      },
                      {
                        "key": "DATABASE_USER",
                        "scope": "RUN_AND_BUILD_TIME",
                        "type": "",
                        "value": "doadmin"
                      }
                    ],
                    "environment_slug": "",
                    "git": [],
                    "github": [
                      {
                        "branch": "main",
                        "deploy_on_push": true,
                        "repo": "marques576/cc-individualproj"
                      }
                    ],
                    "gitlab": [],
                    "health_check": [],
                    "http_port": 8080,
                    "image": [],
                    "instance_count": 1,
                    "instance_size_slug": "basic-xxs",
                    "internal_ports": [],
                    "log_destination": [],
                    "name": "socketserver",
                    "routes": [],
                    "run_command": "",
                    "source_dir": "sockerserver/"
                  }
                ],
                "static_site": [],
                "worker": []
              }
            ],
            "timeouts": null,
            "updated_at": "2023-04-24 15:27:23 +0000 UTC",
            "urn": "do:app:909e648b-3e47-4d2c-9ac4-79eb8712117b"
          },
          "sensitive_attributes": [
            [
              {
                "type": "get_attr",
                "value": "spec"
              },
              {
                "type": "index",
                "value": {
                  "value": 0,
                  "type": "number"
                }
              },
              {
                "type": "get_attr",
                "value": "service"
              },
              {
                "type": "index",
                "value": {
                  "value": 0,
                  "type": "number"
                }
              },
              {
                "type": "get_attr",
                "value": "env"
              }
            ]
          ],
          "private": "eyJlMmJmYjczMC1lY2FhLTExZTYtOGY4OC0zNDM2M2JjN2M0YzAiOnsiY3JlYXRlIjoxODAwMDAwMDAwMDAwfX0=",
          "dependencies": [
            "digitalocean_database_cluster.mysql-example"
          ]
        }
      ]
    },
    {
      "mode": "managed",
      "type": "digitalocean_database_cluster",
      "name": "mysql-example",
      "provider": "provider[\"registry.terraform.io/digitalocean/digitalocean\"]",
      "instances": [
        {
          "schema_version": 0,
          "attributes": {
            "backup_restore": [],
            "database": "defaultdb",
            "engine": "mysql",
            "eviction_policy": null,
            "host": "example-mysql-cluster-do-user-3889222-0.b.db.ondigitalocean.com",
            "id": "2caf7857-f449-4a1f-bab1-b2653e0631e9",
            "maintenance_window": [],
            "name": "example-mysql-cluster",
            "node_count": 1,
            "password": "AVNS_MAeTyGPTPaItcz6J_yM",
            "port": 25060,
            "private_host": "private-example-mysql-cluster-do-user-3889222-0.b.db.ondigitalocean.com",
            "private_network_uuid": "ba56b327-d6f4-48e4-9de1-a9f9f9bac3af",
            "private_uri": "mysql://doadmin:AVNS_MAeTyGPTPaItcz6J_yM@private-example-mysql-cluster-do-user-3889222-0.b.db.ondigitalocean.com:25060/defaultdb?ssl-mode=REQUIRED",
            "project_id": "deb62b5a-6f18-4aca-8e57-a02c0391dd21",
            "region": "ams3",
            "size": "db-s-1vcpu-1gb",
            "sql_mode": null,
            "tags": [],
            "timeouts": null,
            "uri": "mysql://doadmin:AVNS_MAeTyGPTPaItcz6J_yM@example-mysql-cluster-do-user-3889222-0.b.db.ondigitalocean.com:25060/defaultdb?ssl-mode=REQUIRED",
            "urn": "do:dbaas:2caf7857-f449-4a1f-bab1-b2653e0631e9",
            "user": "doadmin",
            "version": "8"
          },
          "sensitive_attributes": [],
          "private": "eyJlMmJmYjczMC1lY2FhLTExZTYtOGY4OC0zNDM2M2JjN2M0YzAiOnsiY3JlYXRlIjoxODAwMDAwMDAwMDAwfX0="
        }
      ]
    },
    {
      "mode": "managed",
      "type": "null_resource",
      "name": "notify_database_build_complete",
      "provider": "provider[\"registry.terraform.io/hashicorp/null\"]",
      "instances": [
        {
          "schema_version": 0,
          "attributes": {
            "id": "1270320901158690523",
            "triggers": null
          },
          "sensitive_attributes": [],
          "dependencies": [
            "digitalocean_database_cluster.mysql-example"
          ]
        }
      ]
    },
    {
      "mode": "managed",
      "type": "null_resource",
      "name": "notify_server_build_complete",
      "provider": "provider[\"registry.terraform.io/hashicorp/null\"]",
      "instances": [
        {
          "schema_version": 0,
          "attributes": {
            "id": "204647149344220782",
            "triggers": null
          },
          "sensitive_attributes": [],
          "dependencies": [
            "digitalocean_app.default",
            "digitalocean_database_cluster.mysql-example"
          ]
        }
      ]
    },
    {
      "mode": "managed",
      "type": "null_resource",
      "name": "notify_web_build_complete",
      "provider": "provider[\"registry.terraform.io/hashicorp/null\"]",
      "instances": [
        {
          "schema_version": 0,
          "attributes": {
            "id": "8962214915598228476",
            "triggers": null
          },
          "sensitive_attributes": [],
          "dependencies": [
            "data.vercel_project_directory.example",
            "vercel_deployment.example",
            "vercel_project.example"
          ]
        }
      ]
    },
    {
      "mode": "managed",
      "type": "vercel_deployment",
      "name": "example",
      "provider": "provider[\"registry.terraform.io/vercel/vercel\"]",
      "instances": [
        {
          "schema_version": 0,
          "attributes": {
            "delete_on_destroy": null,
            "domains": [
              "ccweb.marques576.eu.org",
              "terraform-test-project-tawny.vercel.app",
              "terraform-test-project-marques576.vercel.app"
            ],
            "environment": {
              "VITE_WEBSOCKET_URL": "wss://ccserver.marques576.eu.org"
            },
            "files": {
              "webdjicontrollws/.env": "107~38d22380b00f0f97a8f50a05ab4e0044e49cd6cd",
              "webdjicontrollws/.env.example": "81~f22bb11713bb007050178b22bef19a53c807b7dd",
              "webdjicontrollws/.vscode/debug.json": "291~e948a26e018f489f358642b7bb2efe78556f39b0",
              "webdjicontrollws/.vscode/launch.json": "493~3b8dba906b5c08c1b8da79ae73a1e3cb39df6036",
              "webdjicontrollws/Dockerfile": "55~b0c80c06d28c5ed651d9b5966d24cf58e6a2cd1a",
              "webdjicontrollws/README.md": "53~7179ca6c375b01b7390e9c99cfc0f34cc925e1b5",
              "webdjicontrollws/dist/assets/index-06a695b3.css": "5499~6c5345d42791428ac671dd23ae16c6cab3ab0a2b",
              "webdjicontrollws/dist/assets/index-1e697823.js": "459852~78f3560435fb06b1399e2e3ad125113d2aa876da",
              "webdjicontrollws/dist/drone.png": "32053~102e2b15fa35da6cbb99b99e28e616de6ecee3de",
              "webdjicontrollws/dist/droneMap.png": "29955~53ff265b8e8c3251bd1a9a8061b4af5289c08a6e",
              "webdjicontrollws/dist/index.html": "456~e8d15a3efc099206482ea6fba458730014c5e443",
              "webdjicontrollws/dist/vite.svg": "1497~f7f39d7237b791a945d52a5cd7a8fb365f313366",
              "webdjicontrollws/index.html": "365~9674688ec1bc146d04af92077cf5bc3f0132177b",
              "webdjicontrollws/package-lock.json": "296221~51569f478c3846f9da7c856b5ab87668a470bd6c",
              "webdjicontrollws/package.json": "963~57dc9a6dcfba9083a889b3d1aaf0d1d3c71cf1d5",
              "webdjicontrollws/postcss.config.cjs": "82~8860a68bc6ae8745e3db0b6d090129720e5ecc80",
              "webdjicontrollws/public/drone.png": "32053~102e2b15fa35da6cbb99b99e28e616de6ecee3de",
              "webdjicontrollws/public/droneMap.png": "29955~53ff265b8e8c3251bd1a9a8061b4af5289c08a6e",
              "webdjicontrollws/public/vite.svg": "1497~f7f39d7237b791a945d52a5cd7a8fb365f313366",
              "webdjicontrollws/src/App.tsx": "9622~70185d949757f70a25de39a6f80e97b288c1d5bc",
              "webdjicontrollws/src/Map.tsx": "3328~329922cf70a2ac7631fd623bb51225121a521c2b",
              "webdjicontrollws/src/Messages.tsx": "516~e6e0ee4310460921308fc7b866e7f89ebe362857",
              "webdjicontrollws/src/assets/react.svg": "4126~f505ddc8ebe56bdc51efb721ef04923a8d3068dd",
              "webdjicontrollws/src/index.css": "58~2d05991c511e99edc084ff6589d7bec426ba620e",
              "webdjicontrollws/src/main.tsx": "341~ee505699745d2a77ee35174eea5cd23ba57dbfba",
              "webdjicontrollws/src/vite-env.d.ts": "38~e2eac6bcc8767d416f859eb09486cc8709de95a5",
              "webdjicontrollws/tailwind.config.cjs": "184~52d950cd265feec4d5e8f013d579b7f1d599198a",
              "webdjicontrollws/tsconfig.json": "559~0f279d0b25fc5f0026b36aed056e06b848f71c76",
              "webdjicontrollws/tsconfig.node.json": "184~da86b3c36159fdfed9d66fa8a42465b399b34bab",
              "webdjicontrollws/vite.config.ts": "163~7f8650984e84cec1cec54028bc3c47ea76987832"
            },
            "id": "dpl_4zris9LnEQnkJyyYDgdESfQKprY5",
            "path_prefix": null,
            "production": true,
            "project_id": "prj_n9gbCPjn3YTaivjl6T0FAbP2m96o",
            "project_settings": {
              "build_command": null,
              "framework": null,
              "install_command": null,
              "output_directory": "dist",
              "root_directory": null
            },
            "ref": null,
            "team_id": null,
            "url": "terraform-test-project-jgcccoz8d-marques576.vercel.app"
          },
          "sensitive_attributes": [],
          "dependencies": [
            "data.vercel_project_directory.example",
            "vercel_project.example"
          ]
        }
      ]
    },
    {
      "mode": "managed",
      "type": "vercel_project",
      "name": "example",
      "provider": "provider[\"registry.terraform.io/vercel/vercel\"]",
      "instances": [
        {
          "schema_version": 0,
          "attributes": {
            "build_command": null,
            "dev_command": null,
            "environment": null,
            "framework": "vite",
            "git_repository": {
              "production_branch": "main",
              "repo": "marques576/cc-individualproj",
              "type": "github"
            },
            "id": "prj_n9gbCPjn3YTaivjl6T0FAbP2m96o",
            "ignore_command": null,
            "install_command": null,
            "name": "terraform-test-project",
            "output_directory": "dist",
            "public_source": null,
            "root_directory": "webdjicontrollws/",
            "serverless_function_region": "iad1",
            "team_id": null
          },
          "sensitive_attributes": []
        }
      ]
    },
    {
      "mode": "managed",
      "type": "vercel_project_domain",
      "name": "example",
      "provider": "provider[\"registry.terraform.io/vercel/vercel\"]",
      "instances": [
        {
          "schema_version": 0,
          "attributes": {
            "domain": "ccweb.marques576.eu.org",
            "git_branch": null,
            "id": "ccweb.marques576.eu.org",
            "project_id": "prj_n9gbCPjn3YTaivjl6T0FAbP2m96o",
            "redirect": null,
            "redirect_status_code": null,
            "team_id": null
          },
          "sensitive_attributes": [],
          "dependencies": [
            "vercel_project.example"
          ]
        }
      ]
    },
    {
      "mode": "managed",
      "type": "vercel_project_environment_variable",
      "name": "vite_websocket_url",
      "provider": "provider[\"registry.terraform.io/vercel/vercel\"]",
      "instances": [
        {
          "schema_version": 0,
          "attributes": {
            "git_branch": null,
            "id": "NCK98I5ZY3d6CpMq",
            "key": "VITE_WEBSOCKET_URL",
            "project_id": "prj_n9gbCPjn3YTaivjl6T0FAbP2m96o",
            "target": [
              "development",
              "preview",
              "production"
            ],
            "team_id": null,
            "value": "wss://ccserver.marques576.eu.org"
          },
          "sensitive_attributes": [],
          "dependencies": [
            "vercel_project.example"
          ]
        }
      ]
    }
  ],
  "check_results": null
}
