{
  "version": 4,
  "terraform_version": "1.4.5",
  "serial": 110,
  "lineage": "c9355243-c062-6e54-8bb8-d7d059063867",
  "outputs": {
    "cloudwebURL": {
      "value": "cloudweb.marques576.eu.org",
      "type": "string"
    }
  },
  "resources": [
    {
      "mode": "data",
      "type": "vercel_project_directory",
      "name": "example",
      "provider": "provider[\"registry.terraform.io/vercel/vercel\"]",
      "instances": [
        {
          "schema_version": 0,
          "attributes": {
            "files": {
              "webdjicontrollws/.env": "107~38d22380b00f0f97a8f50a05ab4e0044e49cd6cd",
              "webdjicontrollws/.env.example": "81~f22bb11713bb007050178b22bef19a53c807b7dd",
              "webdjicontrollws/.vscode/debug.json": "291~e948a26e018f489f358642b7bb2efe78556f39b0",
              "webdjicontrollws/.vscode/launch.json": "493~3b8dba906b5c08c1b8da79ae73a1e3cb39df6036",
              "webdjicontrollws/Dockerfile": "55~b0c80c06d28c5ed651d9b5966d24cf58e6a2cd1a",
              "webdjicontrollws/README.md": "53~7179ca6c375b01b7390e9c99cfc0f34cc925e1b5",
              "webdjicontrollws/dist/assets/index-06a695b3.css": "5499~6c5345d42791428ac671dd23ae16c6cab3ab0a2b",
              "webdjicontrollws/dist/assets/index-e2c25769.js": "459852~e11d31b8b2fd176dec7fb6d58f39a758860f120b",
              "webdjicontrollws/dist/drone.png": "32053~102e2b15fa35da6cbb99b99e28e616de6ecee3de",
              "webdjicontrollws/dist/droneMap.png": "29955~53ff265b8e8c3251bd1a9a8061b4af5289c08a6e",
              "webdjicontrollws/dist/index.html": "456~9ed67fd6ce72dcffb48de9e0143dc4010859df98",
              "webdjicontrollws/dist/vite.svg": "1497~f7f39d7237b791a945d52a5cd7a8fb365f313366",
              "webdjicontrollws/index.html": "365~9674688ec1bc146d04af92077cf5bc3f0132177b",
              "webdjicontrollws/package-lock.json": "296249~da14e2a09405c40f9afffb0df7818a289c415291",
              "webdjicontrollws/package.json": "987~93805115ac1bf0a7c031db1dab909d12237ac92c",
              "webdjicontrollws/postcss.config.cjs": "82~8860a68bc6ae8745e3db0b6d090129720e5ecc80",
              "webdjicontrollws/public/drone.png": "32053~102e2b15fa35da6cbb99b99e28e616de6ecee3de",
              "webdjicontrollws/public/droneMap.png": "29955~53ff265b8e8c3251bd1a9a8061b4af5289c08a6e",
              "webdjicontrollws/public/vite.svg": "1497~f7f39d7237b791a945d52a5cd7a8fb365f313366",
              "webdjicontrollws/src/App.tsx": "9622~9341148304f092e2e2d2955e6250dc9cf7828673",
              "webdjicontrollws/src/Map.tsx": "3328~329922cf70a2ac7631fd623bb51225121a521c2b",
              "webdjicontrollws/src/Messages.tsx": "516~e6e0ee4310460921308fc7b866e7f89ebe362857",
              "webdjicontrollws/src/assets/react.svg": "4126~f505ddc8ebe56bdc51efb721ef04923a8d3068dd",
              "webdjicontrollws/src/index.css": "58~2d05991c511e99edc084ff6589d7bec426ba620e",
              "webdjicontrollws/src/main.tsx": "341~ee505699745d2a77ee35174eea5cd23ba57dbfba",
              "webdjicontrollws/src/vite-env.d.ts": "38~e2eac6bcc8767d416f859eb09486cc8709de95a5",
              "webdjicontrollws/tailwind.config.cjs": "184~52d950cd265feec4d5e8f013d579b7f1d599198a",
              "webdjicontrollws/tsconfig.json": "559~0f279d0b25fc5f0026b36aed056e06b848f71c76",
              "webdjicontrollws/tsconfig.node.json": "184~da86b3c36159fdfed9d66fa8a42465b399b34bab",
              "webdjicontrollws/vite.config.ts": "163~7f8650984e84cec1cec54028bc3c47ea76987832"
            },
            "id": "webdjicontrollws/",
            "path": "webdjicontrollws/"
          },
          "sensitive_attributes": []
        }
      ]
    },
    {
      "mode": "managed",
      "type": "vercel_deployment",
      "name": "example",
      "provider": "provider[\"registry.terraform.io/vercel/vercel\"]",
      "instances": [
        {
          "schema_version": 0,
          "attributes": {
            "delete_on_destroy": null,
            "domains": [
              "cloudweb.marques576.eu.org",
              "terraform-test-project-two.vercel.app",
              "terraform-test-project-marques576.vercel.app"
            ],
            "environment": null,
            "files": {
              "webdjicontrollws/.env": "107~38d22380b00f0f97a8f50a05ab4e0044e49cd6cd",
              "webdjicontrollws/.env.example": "81~f22bb11713bb007050178b22bef19a53c807b7dd",
              "webdjicontrollws/.vscode/debug.json": "291~e948a26e018f489f358642b7bb2efe78556f39b0",
              "webdjicontrollws/.vscode/launch.json": "493~3b8dba906b5c08c1b8da79ae73a1e3cb39df6036",
              "webdjicontrollws/Dockerfile": "55~b0c80c06d28c5ed651d9b5966d24cf58e6a2cd1a",
              "webdjicontrollws/README.md": "53~7179ca6c375b01b7390e9c99cfc0f34cc925e1b5",
              "webdjicontrollws/dist/assets/index-06a695b3.css": "5499~6c5345d42791428ac671dd23ae16c6cab3ab0a2b",
              "webdjicontrollws/dist/assets/index-e2c25769.js": "459852~e11d31b8b2fd176dec7fb6d58f39a758860f120b",
              "webdjicontrollws/dist/drone.png": "32053~102e2b15fa35da6cbb99b99e28e616de6ecee3de",
              "webdjicontrollws/dist/droneMap.png": "29955~53ff265b8e8c3251bd1a9a8061b4af5289c08a6e",
              "webdjicontrollws/dist/index.html": "456~9ed67fd6ce72dcffb48de9e0143dc4010859df98",
              "webdjicontrollws/dist/vite.svg": "1497~f7f39d7237b791a945d52a5cd7a8fb365f313366",
              "webdjicontrollws/index.html": "365~9674688ec1bc146d04af92077cf5bc3f0132177b",
              "webdjicontrollws/package-lock.json": "296249~da14e2a09405c40f9afffb0df7818a289c415291",
              "webdjicontrollws/package.json": "987~93805115ac1bf0a7c031db1dab909d12237ac92c",
              "webdjicontrollws/postcss.config.cjs": "82~8860a68bc6ae8745e3db0b6d090129720e5ecc80",
              "webdjicontrollws/public/drone.png": "32053~102e2b15fa35da6cbb99b99e28e616de6ecee3de",
              "webdjicontrollws/public/droneMap.png": "29955~53ff265b8e8c3251bd1a9a8061b4af5289c08a6e",
              "webdjicontrollws/public/vite.svg": "1497~f7f39d7237b791a945d52a5cd7a8fb365f313366",
              "webdjicontrollws/src/App.tsx": "9622~9341148304f092e2e2d2955e6250dc9cf7828673",
              "webdjicontrollws/src/Map.tsx": "3328~329922cf70a2ac7631fd623bb51225121a521c2b",
              "webdjicontrollws/src/Messages.tsx": "516~e6e0ee4310460921308fc7b866e7f89ebe362857",
              "webdjicontrollws/src/assets/react.svg": "4126~f505ddc8ebe56bdc51efb721ef04923a8d3068dd",
              "webdjicontrollws/src/index.css": "58~2d05991c511e99edc084ff6589d7bec426ba620e",
              "webdjicontrollws/src/main.tsx": "341~ee505699745d2a77ee35174eea5cd23ba57dbfba",
              "webdjicontrollws/src/vite-env.d.ts": "38~e2eac6bcc8767d416f859eb09486cc8709de95a5",
              "webdjicontrollws/tailwind.config.cjs": "184~52d950cd265feec4d5e8f013d579b7f1d599198a",
              "webdjicontrollws/tsconfig.json": "559~0f279d0b25fc5f0026b36aed056e06b848f71c76",
              "webdjicontrollws/tsconfig.node.json": "184~da86b3c36159fdfed9d66fa8a42465b399b34bab",
              "webdjicontrollws/vite.config.ts": "163~7f8650984e84cec1cec54028bc3c47ea76987832"
            },
            "id": "dpl_6F6e6CdpXg9VxdiWFDRSL8EiYzjM",
            "path_prefix": "webdjicontrollws/",
            "production": true,
            "project_id": "prj_zyUTQxstq4NLp0KOhIRs2AkvmPfR",
            "project_settings": {
              "build_command": "npm run build",
              "framework": null,
              "install_command": "npm install",
              "output_directory": "dist",
              "root_directory": null
            },
            "ref": null,
            "team_id": null,
            "url": "terraform-test-project-9ep1o85ut-marques576.vercel.app"
          },
          "sensitive_attributes": [],
          "dependencies": [
            "data.vercel_project_directory.example",
            "vercel_project.example"
          ]
        }
      ]
    },
    {
      "mode": "managed",
      "type": "vercel_project",
      "name": "example",
      "provider": "provider[\"registry.terraform.io/vercel/vercel\"]",
      "instances": [
        {
          "schema_version": 0,
          "attributes": {
            "build_command": null,
            "dev_command": null,
            "environment": null,
            "framework": "vite",
            "git_repository": {
              "production_branch": "main",
              "repo": "marques576/cc-individualproj",
              "type": "github"
            },
            "id": "prj_zyUTQxstq4NLp0KOhIRs2AkvmPfR",
            "ignore_command": null,
            "install_command": null,
            "name": "terraform-test-project",
            "output_directory": null,
            "public_source": null,
            "root_directory": null,
            "serverless_function_region": "iad1",
            "team_id": null
          },
          "sensitive_attributes": []
        }
      ]
    },
    {
      "mode": "managed",
      "type": "vercel_project_domain",
      "name": "example",
      "provider": "provider[\"registry.terraform.io/vercel/vercel\"]",
      "instances": [
        {
          "schema_version": 0,
          "attributes": {
            "domain": "cloudweb.marques576.eu.org",
            "git_branch": null,
            "id": "cloudweb.marques576.eu.org",
            "project_id": "prj_zyUTQxstq4NLp0KOhIRs2AkvmPfR",
            "redirect": null,
            "redirect_status_code": null,
            "team_id": null
          },
          "sensitive_attributes": [],
          "dependencies": [
            "vercel_project.example"
          ]
        }
      ]
    }
  ],
  "check_results": null
}
